{
    "_readme": [
        "This file locks the dependencies of your project to a known state",
        "Read more about it at https://getcomposer.org/doc/01-basic-usage.md#installing-dependencies",
        "This file is @generated automatically"
    ],
    "content-hash": "15161236ca642f6d13c65df2ce3d56e2",
    "packages": [
        {
            "name": "composer/installers",
            "version": "v2.2.0",
            "source": {
                "type": "git",
                "url": "https://github.com/composer/installers.git",
                "reference": "c29dc4b93137acb82734f672c37e029dfbd95b35"
            },
            "dist": {
                "type": "zip",
                "url": "https://api.github.com/repos/composer/installers/zipball/c29dc4b93137acb82734f672c37e029dfbd95b35",
                "reference": "c29dc4b93137acb82734f672c37e029dfbd95b35",
                "shasum": ""
            },
            "require": {
                "composer-plugin-api": "^1.0 || ^2.0",
                "php": "^7.2 || ^8.0"
            },
            "require-dev": {
                "composer/composer": "1.6.* || ^2.0",
                "composer/semver": "^1 || ^3",
                "phpstan/phpstan": "^0.12.55",
                "phpstan/phpstan-phpunit": "^0.12.16",
                "symfony/phpunit-bridge": "^5.3",
                "symfony/process": "^5"
            },
            "type": "composer-plugin",
            "extra": {
                "class": "Composer\\Installers\\Plugin",
                "branch-alias": {
                    "dev-main": "2.x-dev"
                },
                "plugin-modifies-install-path": true
            },
            "autoload": {
                "psr-4": {
                    "Composer\\Installers\\": "src/Composer/Installers"
                }
            },
            "notification-url": "https://packagist.org/downloads/",
            "license": [
                "MIT"
            ],
            "authors": [
                {
                    "name": "Kyle Robinson Young",
                    "email": "kyle@dontkry.com",
                    "homepage": "https://github.com/shama"
                }
            ],
            "description": "A multi-framework Composer library installer",
            "homepage": "https://composer.github.io/installers/",
            "keywords": [
                "Dolibarr",
                "Eliasis",
                "Hurad",
                "ImageCMS",
                "Kanboard",
                "Lan Management System",
                "MODX Evo",
                "MantisBT",
                "Mautic",
                "Maya",
                "OXID",
                "Plentymarkets",
                "Porto",
                "RadPHP",
                "SMF",
                "Starbug",
                "Thelia",
                "Whmcs",
                "WolfCMS",
                "agl",
                "annotatecms",
                "attogram",
                "bitrix",
                "cakephp",
                "chef",
                "cockpit",
                "codeigniter",
                "concrete5",
                "croogo",
                "dokuwiki",
                "drupal",
                "eZ Platform",
                "elgg",
                "expressionengine",
                "fuelphp",
                "grav",
                "installer",
                "itop",
                "known",
                "kohana",
                "laravel",
                "lavalite",
                "lithium",
                "magento",
                "majima",
                "mako",
                "matomo",
                "mediawiki",
                "miaoxing",
                "modulework",
                "modx",
                "moodle",
                "osclass",
                "pantheon",
                "phpbb",
                "piwik",
                "ppi",
                "processwire",
                "puppet",
                "pxcms",
                "reindex",
                "roundcube",
                "shopware",
                "silverstripe",
                "sydes",
                "sylius",
                "tastyigniter",
                "wordpress",
                "yawik",
                "zend",
                "zikula"
            ],
            "support": {
                "issues": "https://github.com/composer/installers/issues",
                "source": "https://github.com/composer/installers/tree/v2.2.0"
            },
            "funding": [
                {
                    "url": "https://packagist.com",
                    "type": "custom"
                },
                {
                    "url": "https://github.com/composer",
                    "type": "github"
                },
                {
                    "url": "https://tidelift.com/funding/github/packagist/composer/composer",
                    "type": "tidelift"
                }
            ],
            "time": "2022-08-20T06:45:11+00:00"
        },
        {
            "name": "cweagans/composer-patches",
            "version": "1.7.3",
            "source": {
                "type": "git",
                "url": "https://github.com/cweagans/composer-patches.git",
                "reference": "e190d4466fe2b103a55467dfa83fc2fecfcaf2db"
            },
            "dist": {
                "type": "zip",
                "url": "https://api.github.com/repos/cweagans/composer-patches/zipball/e190d4466fe2b103a55467dfa83fc2fecfcaf2db",
                "reference": "e190d4466fe2b103a55467dfa83fc2fecfcaf2db",
                "shasum": ""
            },
            "require": {
                "composer-plugin-api": "^1.0 || ^2.0",
                "php": ">=5.3.0"
            },
            "require-dev": {
                "composer/composer": "~1.0 || ~2.0",
                "phpunit/phpunit": "~4.6"
            },
            "type": "composer-plugin",
            "extra": {
                "class": "cweagans\\Composer\\Patches"
            },
            "autoload": {
                "psr-4": {
                    "cweagans\\Composer\\": "src"
                }
            },
            "notification-url": "https://packagist.org/downloads/",
            "license": [
                "BSD-3-Clause"
            ],
            "authors": [
                {
                    "name": "Cameron Eagans",
                    "email": "me@cweagans.net"
                }
            ],
            "description": "Provides a way to patch Composer packages.",
            "support": {
                "issues": "https://github.com/cweagans/composer-patches/issues",
                "source": "https://github.com/cweagans/composer-patches/tree/1.7.3"
            },
            "time": "2022-12-20T22:53:13+00:00"
        },
        {
            "name": "onelogin/php-saml",
            "version": "4.1.0",
            "source": {
                "type": "git",
                "url": "https://github.com/onelogin/php-saml.git",
                "reference": "b22a57ebd13e838b90df5d3346090bc37056409d"
            },
            "dist": {
                "type": "zip",
                "url": "https://api.github.com/repos/onelogin/php-saml/zipball/b22a57ebd13e838b90df5d3346090bc37056409d",
                "reference": "b22a57ebd13e838b90df5d3346090bc37056409d",
                "shasum": ""
            },
            "require": {
                "php": ">=7.3",
                "robrichards/xmlseclibs": ">=3.1.1"
            },
            "require-dev": {
                "pdepend/pdepend": "^2.8.0",
                "php-coveralls/php-coveralls": "^2.0",
                "phploc/phploc": "^4.0 || ^5.0 || ^6.0 || ^7.0",
                "phpunit/phpunit": "^9.5",
                "sebastian/phpcpd": "^4.0 || ^5.0 || ^6.0 ",
                "squizlabs/php_codesniffer": "^3.5.8"
            },
            "suggest": {
                "ext-curl": "Install curl lib to be able to use the IdPMetadataParser for parsing remote XMLs",
                "ext-dom": "Install xml lib",
                "ext-openssl": "Install openssl lib in order to handle with x509 certs (require to support sign and encryption)",
                "ext-zlib": "Install zlib"
            },
            "type": "library",
            "autoload": {
                "psr-4": {
                    "OneLogin\\": "src/"
                }
            },
            "notification-url": "https://packagist.org/downloads/",
            "license": [
                "MIT"
            ],
            "description": "OneLogin PHP SAML Toolkit",
            "homepage": "https://developers.onelogin.com/saml/php",
            "keywords": [
                "SAML2",
                "onelogin",
                "saml"
            ],
            "support": {
                "email": "sixto.garcia@onelogin.com",
                "issues": "https://github.com/onelogin/php-saml/issues",
                "source": "https://github.com/onelogin/php-saml/"
            },
            "time": "2022-07-15T20:44:36+00:00"
        },
        {
            "name": "pantheon-systems/wp-saml-auth",
            "version": "2.1.3",
            "source": {
                "type": "git",
                "url": "https://github.com/pantheon-systems/wp-saml-auth.git",
                "reference": "d67ecccded44c5d0762d487336c8c469496677b0"
            },
            "dist": {
                "type": "zip",
                "url": "https://api.github.com/repos/pantheon-systems/wp-saml-auth/zipball/d67ecccded44c5d0762d487336c8c469496677b0",
                "reference": "d67ecccded44c5d0762d487336c8c469496677b0",
                "shasum": ""
            },
            "require": {
                "onelogin/php-saml": "^4.0",
                "php": "^7.3 || ^8.0"
            },
            "require-dev": {
                "dealerdirect/phpcodesniffer-composer-installer": "^1.0.0",
                "pantheon-systems/pantheon-wordpress-upstream-tests": "dev-master",
                "phpcompatibility/php-compatibility": "^9.3",
                "phpunit/phpunit": "^9",
                "symfony/filesystem": "^5",
                "symfony/service-contracts": "^2",
                "symfony/translation-contracts": "^2",
                "wp-coding-standards/wpcs": "dev-develop as 2.3.1",
                "yoast/phpunit-polyfills": "^1.0"
            },
            "type": "wordpress-plugin",
            "autoload": {
                "psr-4": {
                    "PantheonSystems\\WPSamlAuth\\Behat\\": "tests/behat/bootstrap/"
                }
            },
            "notification-url": "https://packagist.org/downloads/",
            "license": [
                "GPL-2.0-or-later"
            ],
            "authors": [
                {
                    "name": "Pantheon",
                    "email": "noreply@pantheon.io"
                },
                {
                    "name": "Daniel Bachhuber",
                    "email": "daniel@handbuilt.co"
                }
            ],
            "description": "SAML authentication for WordPress, using SimpleSAMLphp.",
            "support": {
                "issues": "https://github.com/pantheon-systems/wp-saml-auth/issues",
                "source": "https://github.com/pantheon-systems/wp-saml-auth/tree/2.1.3"
            },
            "time": "2023-04-09T03:01:00+00:00"
        },
        {
            "name": "robrichards/xmlseclibs",
            "version": "3.1.1",
            "source": {
                "type": "git",
                "url": "https://github.com/robrichards/xmlseclibs.git",
                "reference": "f8f19e58f26cdb42c54b214ff8a820760292f8df"
            },
            "dist": {
                "type": "zip",
                "url": "https://api.github.com/repos/robrichards/xmlseclibs/zipball/f8f19e58f26cdb42c54b214ff8a820760292f8df",
                "reference": "f8f19e58f26cdb42c54b214ff8a820760292f8df",
                "shasum": ""
            },
            "require": {
                "ext-openssl": "*",
                "php": ">= 5.4"
            },
            "type": "library",
            "autoload": {
                "psr-4": {
                    "RobRichards\\XMLSecLibs\\": "src"
                }
            },
            "notification-url": "https://packagist.org/downloads/",
            "license": [
                "BSD-3-Clause"
            ],
            "description": "A PHP library for XML Security",
            "homepage": "https://github.com/robrichards/xmlseclibs",
            "keywords": [
                "security",
                "signature",
                "xml",
                "xmldsig"
            ],
            "support": {
                "issues": "https://github.com/robrichards/xmlseclibs/issues",
                "source": "https://github.com/robrichards/xmlseclibs/tree/3.1.1"
            },
            "time": "2020-09-05T13:00:25+00:00"
        }
    ],
    "packages-dev": [],
    "aliases": [],
    "minimum-stability": "stable",
    "stability-flags": [],
    "prefer-stable": false,
    "prefer-lowest": false,
    "platform": {
        "composer-plugin-api": "^2.0"
    },
    "platform-dev": [],
    "plugin-api-version": "2.2.0"
}
